
Microsoft Visual Studio Solution File, Format Version 12.00
# Visual Studio 15
VisualStudioVersion = 15.0.28307.168
MinimumVisualStudioVersion = 10.0.40219.1
Project("{9A19103F-16F7-4668-BE54-9A1E7A4F7556}") = "MajesticMultiplier", "MajesticMultiplier\MajesticMultiplier.csproj", "{EE9118D7-8A58-41F6-89BB-0BF34735D701}"
EndProject
Project("{FAE04EC0-301F-11D3-BF4B-00C04F79EFBC}") = "Sibears.Helpers", "Sibears.Helpers\Sibears.Helpers.csproj", "{8DE7FA0D-0984-4DF1-A293-1C170B4CD7BE}"
EndProject
Global
	GlobalSection(SolutionConfigurationPlatforms) = preSolution
		Debug|Any CPU = Debug|Any CPU
		Release|Any CPU = Release|Any CPU
	EndGlobalSection
	GlobalSection(ProjectConfigurationPlatforms) = postSolution
		{EE9118D7-8A58-41F6-89BB-0BF34735D701}.Debug|Any CPU.ActiveCfg = Debug|Any CPU
		{EE9118D7-8A58-41F6-89BB-0BF34735D701}.Debug|Any CPU.Build.0 = Debug|Any CPU
		{EE9118D7-8A58-41F6-89BB-0BF34735D701}.Release|Any CPU.ActiveCfg = Release|Any CPU
		{EE9118D7-8A58-41F6-89BB-0BF34735D701}.Release|Any CPU.Build.0 = Release|Any CPU
		{8DE7FA0D-0984-4DF1-A293-1C170B4CD7BE}.Debug|Any CPU.ActiveCfg = Debug|Any CPU
		{8DE7FA0D-0984-4DF1-A293-1C170B4CD7BE}.Debug|Any CPU.Build.0 = Debug|Any CPU
		{8DE7FA0D-0984-4DF1-A293-1C170B4CD7BE}.Release|Any CPU.ActiveCfg = Release|Any CPU
		{8DE7FA0D-0984-4DF1-A293-1C170B4CD7BE}.Release|Any CPU.Build.0 = Release|Any CPU
	EndGlobalSection
	GlobalSection(SolutionProperties) = preSolution
		HideSolutionNode = FALSE
	EndGlobalSection
	GlobalSection(ExtensibilityGlobals) = postSolution
		SolutionGuid = {FBCF850F-F723-4EF6-B27A-3C83FCC2F283}
	EndGlobalSection
EndGlobal
